name: terraform-unlock-dev

on:
  workflow_dispatch:
    inputs:
      lock_id:
        description: "Lock ID"
        required: true

jobs:
  unlock:
    runs-on: ubuntu-latest
    environment: dev
    defaults:
      run:
        working-directory: AWS/Terraform/dev

    steps:
      - name: Checkout repo
        uses: actions/checkout@v4

      - name: Setup Terraform
        uses: hashicorp/setup-terraform@v3

      - name: Terraform Init
        run: terraform init
        env:
          AWS_ACCESS_KEY_ID: ${{ secrets.AWS_ACCESS_KEY_ID }}
          AWS_SECRET_ACCESS_KEY: ${{ secrets.AWS_SECRET_ACCESS_KEY }}
          AWS_REGION: ${{ secrets.AWS_REGION }}

      - name: Force unlock
        run: terraform force-unlock -force "${{ github.event.inputs.lock_id }}"
        env:
          AWS_ACCESS_KEY_ID: ${{ secrets.AWS_ACCESS_KEY_ID }}
          AWS_SECRET_ACCESS_KEY: ${{ secrets.AWS_SECRET_ACCESS_KEY }}
          AWS_REGION: ${{ secrets.AWS_REGION }}
